// !$*UTF8*$!
{
	archiveVersion = 1;
	classes = {
	};
	objectVersion = 55;
	objects = {

/* Begin PBXBuildFile section */
		B411177428DF595300EA6606 /* PrivateConstants.swift in Sources */ = {isa = PBXBuildFile; fileRef = B411177328DF595300EA6606 /* PrivateConstants.swift */; };
		B411177928DF5AFD00EA6606 /* BackgroundSetUp.swift in Sources */ = {isa = PBXBuildFile; fileRef = B411177828DF5AFD00EA6606 /* BackgroundSetUp.swift */; };
		B411177C28DF9C1A00EA6606 /* AlertsForSearch.swift in Sources */ = {isa = PBXBuildFile; fileRef = B411177B28DF9C1A00EA6606 /* AlertsForSearch.swift */; };
		B48108FB28F5ABAC0088B1C5 /* PromiseKit in Frameworks */ = {isa = PBXBuildFile; productRef = B48108FA28F5ABAC0088B1C5 /* PromiseKit */; };
		B487A2AB28F34016004D7AEE /* WeatherViewControllerDelegate.swift in Sources */ = {isa = PBXBuildFile; fileRef = B487A2AA28F34016004D7AEE /* WeatherViewControllerDelegate.swift */; };
		B4984E2E28EEE72800A7EC6D /* WeatherViewControllerLogic.swift in Sources */ = {isa = PBXBuildFile; fileRef = B4984E2D28EEE72800A7EC6D /* WeatherViewControllerLogic.swift */; };
		B4984E3328EEF7EC00A7EC6D /* AlamofireService.swift in Sources */ = {isa = PBXBuildFile; fileRef = B4984E3228EEF7EC00A7EC6D /* AlamofireService.swift */; };
		B4984E4128EF015300A7EC6D /* Alamofire in Frameworks */ = {isa = PBXBuildFile; productRef = B4984E4028EF015300A7EC6D /* Alamofire */; };
		B4BA9D4728DF3F2C007D69A5 /* CurrentWeatherDate.swift in Sources */ = {isa = PBXBuildFile; fileRef = B4BA9D4628DF3F2C007D69A5 /* CurrentWeatherDate.swift */; };
		B4BA9D4928DF3FC1007D69A5 /* OpenWeatherURLService.swift in Sources */ = {isa = PBXBuildFile; fileRef = B4BA9D4828DF3FC1007D69A5 /* OpenWeatherURLService.swift */; };
		B4BA9D4C28DF4831007D69A5 /* Collections in Frameworks */ = {isa = PBXBuildFile; productRef = B4BA9D4B28DF4831007D69A5 /* Collections */; };
		B4BA9D4E28DF4831007D69A5 /* DequeModule in Frameworks */ = {isa = PBXBuildFile; productRef = B4BA9D4D28DF4831007D69A5 /* DequeModule */; };
		B4BA9D5028DF4831007D69A5 /* OrderedCollections in Frameworks */ = {isa = PBXBuildFile; productRef = B4BA9D4F28DF4831007D69A5 /* OrderedCollections */; };
		B4BF770228DE2E3C0082C77E /* AppDelegate.swift in Sources */ = {isa = PBXBuildFile; fileRef = B4BF770128DE2E3C0082C77E /* AppDelegate.swift */; };
		B4BF770428DE2E3C0082C77E /* SceneDelegate.swift in Sources */ = {isa = PBXBuildFile; fileRef = B4BF770328DE2E3C0082C77E /* SceneDelegate.swift */; };
		B4BF770628DE2E3C0082C77E /* WeatherViewController.swift in Sources */ = {isa = PBXBuildFile; fileRef = B4BF770528DE2E3C0082C77E /* WeatherViewController.swift */; };
		B4BF770928DE2E3C0082C77E /* Main.storyboard in Resources */ = {isa = PBXBuildFile; fileRef = B4BF770728DE2E3C0082C77E /* Main.storyboard */; };
		B4BF770B28DE2E3F0082C77E /* Assets.xcassets in Resources */ = {isa = PBXBuildFile; fileRef = B4BF770A28DE2E3F0082C77E /* Assets.xcassets */; };
		B4BF770E28DE2E3F0082C77E /* LaunchScreen.storyboard in Resources */ = {isa = PBXBuildFile; fileRef = B4BF770C28DE2E3F0082C77E /* LaunchScreen.storyboard */; };
/* End PBXBuildFile section */

/* Begin PBXFileReference section */
		B411177328DF595300EA6606 /* PrivateConstants.swift */ = {isa = PBXFileReference; lastKnownFileType = sourcecode.swift; path = PrivateConstants.swift; sourceTree = "<group>"; };
		B411177828DF5AFD00EA6606 /* BackgroundSetUp.swift */ = {isa = PBXFileReference; lastKnownFileType = sourcecode.swift; path = BackgroundSetUp.swift; sourceTree = "<group>"; };
		B411177B28DF9C1A00EA6606 /* AlertsForSearch.swift */ = {isa = PBXFileReference; lastKnownFileType = sourcecode.swift; path = AlertsForSearch.swift; sourceTree = "<group>"; };
		B487A2AA28F34016004D7AEE /* WeatherViewControllerDelegate.swift */ = {isa = PBXFileReference; lastKnownFileType = sourcecode.swift; path = WeatherViewControllerDelegate.swift; sourceTree = "<group>"; };
		B4984E2D28EEE72800A7EC6D /* WeatherViewControllerLogic.swift */ = {isa = PBXFileReference; lastKnownFileType = sourcecode.swift; path = WeatherViewControllerLogic.swift; sourceTree = "<group>"; };
		B4984E3228EEF7EC00A7EC6D /* AlamofireService.swift */ = {isa = PBXFileReference; lastKnownFileType = sourcecode.swift; path = AlamofireService.swift; sourceTree = "<group>"; };
		B4BA9D4628DF3F2C007D69A5 /* CurrentWeatherDate.swift */ = {isa = PBXFileReference; lastKnownFileType = sourcecode.swift; path = CurrentWeatherDate.swift; sourceTree = "<group>"; };
		B4BA9D4828DF3FC1007D69A5 /* OpenWeatherURLService.swift */ = {isa = PBXFileReference; lastKnownFileType = sourcecode.swift; path = OpenWeatherURLService.swift; sourceTree = "<group>"; };
		B4BF76FE28DE2E3C0082C77E /* Weather.app */ = {isa = PBXFileReference; explicitFileType = wrapper.application; includeInIndex = 0; path = Weather.app; sourceTree = BUILT_PRODUCTS_DIR; };
		B4BF770128DE2E3C0082C77E /* AppDelegate.swift */ = {isa = PBXFileReference; lastKnownFileType = sourcecode.swift; path = AppDelegate.swift; sourceTree = "<group>"; };
		B4BF770328DE2E3C0082C77E /* SceneDelegate.swift */ = {isa = PBXFileReference; lastKnownFileType = sourcecode.swift; path = SceneDelegate.swift; sourceTree = "<group>"; };
		B4BF770528DE2E3C0082C77E /* WeatherViewController.swift */ = {isa = PBXFileReference; lastKnownFileType = sourcecode.swift; path = WeatherViewController.swift; sourceTree = "<group>"; };
		B4BF770828DE2E3C0082C77E /* Base */ = {isa = PBXFileReference; lastKnownFileType = file.storyboard; name = Base; path = Base.lproj/Main.storyboard; sourceTree = "<group>"; };
		B4BF770A28DE2E3F0082C77E /* Assets.xcassets */ = {isa = PBXFileReference; lastKnownFileType = folder.assetcatalog; path = Assets.xcassets; sourceTree = "<group>"; };
		B4BF770D28DE2E3F0082C77E /* Base */ = {isa = PBXFileReference; lastKnownFileType = file.storyboard; name = Base; path = Base.lproj/LaunchScreen.storyboard; sourceTree = "<group>"; };
		B4BF770F28DE2E3F0082C77E /* Info.plist */ = {isa = PBXFileReference; lastKnownFileType = text.plist.xml; path = Info.plist; sourceTree = "<group>"; };
/* End PBXFileReference section */

/* Begin PBXFrameworksBuildPhase section */
		B4BF76FB28DE2E3C0082C77E /* Frameworks */ = {
			isa = PBXFrameworksBuildPhase;
			buildActionMask = 2147483647;
			files = (
				B48108FB28F5ABAC0088B1C5 /* PromiseKit in Frameworks */,
				B4BA9D4C28DF4831007D69A5 /* Collections in Frameworks */,
				B4984E4128EF015300A7EC6D /* Alamofire in Frameworks */,
				B4BA9D4E28DF4831007D69A5 /* DequeModule in Frameworks */,
				B4BA9D5028DF4831007D69A5 /* OrderedCollections in Frameworks */,
			);
			runOnlyForDeploymentPostprocessing = 0;
		};
/* End PBXFrameworksBuildPhase section */

/* Begin PBXGroup section */
		B411177228DF594400EA6606 /* SupportFiles */ = {
			isa = PBXGroup;
			children = (
				B411177328DF595300EA6606 /* PrivateConstants.swift */,
			);
			path = SupportFiles;
			sourceTree = "<group>";
		};
		B411177528DF5A8000EA6606 /* Delegates */ = {
			isa = PBXGroup;
			children = (
				B4BF770128DE2E3C0082C77E /* AppDelegate.swift */,
				B4BF770328DE2E3C0082C77E /* SceneDelegate.swift */,
			);
			path = Delegates;
			sourceTree = "<group>";
		};
		B411177728DF5AE500EA6606 /* WeatherSetUp */ = {
			isa = PBXGroup;
			children = (
				B4A1620F28F734F8000D3E13 /* BackgroundSetUp */,
			);
			path = WeatherSetUp;
			sourceTree = "<group>";
		};
		B411177A28DF9C0400EA6606 /* Alerts */ = {
			isa = PBXGroup;
			children = (
				B411177B28DF9C1A00EA6606 /* AlertsForSearch.swift */,
			);
			path = Alerts;
			sourceTree = "<group>";
		};
		B48D85CC28F475A000D4CCA9 /* Protocols */ = {
			isa = PBXGroup;
			children = (
				B48D85CD28F475C900D4CCA9 /* Delegates */,
			);
			path = Protocols;
			sourceTree = "<group>";
		};
		B48D85CD28F475C900D4CCA9 /* Delegates */ = {
			isa = PBXGroup;
			children = (
				B487A2AA28F34016004D7AEE /* WeatherViewControllerDelegate.swift */,
			);
			path = Delegates;
			sourceTree = "<group>";
		};
		B48D85CE28F4760800D4CCA9 /* Business Logic */ = {
			isa = PBXGroup;
			children = (
				B4984E2D28EEE72800A7EC6D /* WeatherViewControllerLogic.swift */,
			);
			path = "Business Logic";
			sourceTree = "<group>";
		};
		B4A1620D28F73477000D3E13 /* JSON */ = {
			isa = PBXGroup;
			children = (
				B4BA9D4628DF3F2C007D69A5 /* CurrentWeatherDate.swift */,
			);
			path = JSON;
			sourceTree = "<group>";
		};
		B4A1620E28F734C0000D3E13 /* Alamofire */ = {
			isa = PBXGroup;
			children = (
				B4984E3228EEF7EC00A7EC6D /* AlamofireService.swift */,
			);
			path = Alamofire;
			sourceTree = "<group>";
		};
		B4A1620F28F734F8000D3E13 /* BackgroundSetUp */ = {
			isa = PBXGroup;
			children = (
				B411177828DF5AFD00EA6606 /* BackgroundSetUp.swift */,
			);
			path = BackgroundSetUp;
			sourceTree = "<group>";
		};
		B4BA9D4528DF3F14007D69A5 /* Networking */ = {
			isa = PBXGroup;
			children = (
				B4A1620E28F734C0000D3E13 /* Alamofire */,
				B4A1620D28F73477000D3E13 /* JSON */,
				B4BA9D4828DF3FC1007D69A5 /* OpenWeatherURLService.swift */,
			);
			path = Networking;
			sourceTree = "<group>";
		};
		B4BF76F528DE2E3C0082C77E = {
			isa = PBXGroup;
			children = (
				B4BF770028DE2E3C0082C77E /* Weather */,
				B4BF76FF28DE2E3C0082C77E /* Products */,
			);
			sourceTree = "<group>";
		};
		B4BF76FF28DE2E3C0082C77E /* Products */ = {
			isa = PBXGroup;
			children = (
				B4BF76FE28DE2E3C0082C77E /* Weather.app */,
			);
			name = Products;
			sourceTree = "<group>";
		};
		B4BF770028DE2E3C0082C77E /* Weather */ = {
			isa = PBXGroup;
			children = (
				B411177228DF594400EA6606 /* SupportFiles */,
				B411177528DF5A8000EA6606 /* Delegates */,
				B48D85CC28F475A000D4CCA9 /* Protocols */,
				B411177A28DF9C0400EA6606 /* Alerts */,
				B411177728DF5AE500EA6606 /* WeatherSetUp */,
				B4BA9D4528DF3F14007D69A5 /* Networking */,
				B48D85CE28F4760800D4CCA9 /* Business Logic */,
				B4BF770528DE2E3C0082C77E /* WeatherViewController.swift */,
				B4BF770728DE2E3C0082C77E /* Main.storyboard */,
				B4BF770A28DE2E3F0082C77E /* Assets.xcassets */,
				B4BF770C28DE2E3F0082C77E /* LaunchScreen.storyboard */,
				B4BF770F28DE2E3F0082C77E /* Info.plist */,
			);
			path = Weather;
			sourceTree = "<group>";
		};
/* End PBXGroup section */

/* Begin PBXNativeTarget section */
		B4BF76FD28DE2E3C0082C77E /* Weather */ = {
			isa = PBXNativeTarget;
			buildConfigurationList = B4BF771228DE2E3F0082C77E /* Build configuration list for PBXNativeTarget "Weather" */;
			buildPhases = (
				B4BF76FA28DE2E3C0082C77E /* Sources */,
				B4BF76FB28DE2E3C0082C77E /* Frameworks */,
				B4BF76FC28DE2E3C0082C77E /* Resources */,
			);
			buildRules = (
			);
			dependencies = (
			);
			name = Weather;
			packageProductDependencies = (
				B4BA9D4B28DF4831007D69A5 /* Collections */,
				B4BA9D4D28DF4831007D69A5 /* DequeModule */,
				B4BA9D4F28DF4831007D69A5 /* OrderedCollections */,
				B4984E4028EF015300A7EC6D /* Alamofire */,
				B48108FA28F5ABAC0088B1C5 /* PromiseKit */,
			);
			productName = Weather;
			productReference = B4BF76FE28DE2E3C0082C77E /* Weather.app */;
			productType = "com.apple.product-type.application";
		};
/* End PBXNativeTarget section */

/* Begin PBXProject section */
		B4BF76F628DE2E3C0082C77E /* Project object */ = {
			isa = PBXProject;
			attributes = {
				BuildIndependentTargetsInParallel = 1;
				LastSwiftUpdateCheck = 1340;
				LastUpgradeCheck = 1340;
				TargetAttributes = {
					B4BF76FD28DE2E3C0082C77E = {
						CreatedOnToolsVersion = 13.4.1;
					};
				};
			};
			buildConfigurationList = B4BF76F928DE2E3C0082C77E /* Build configuration list for PBXProject "Weather" */;
			compatibilityVersion = "Xcode 13.0";
			developmentRegion = en;
			hasScannedForEncodings = 0;
			knownRegions = (
				en,
				Base,
			);
			mainGroup = B4BF76F528DE2E3C0082C77E;
			packageReferences = (
				B4BA9D4A28DF4831007D69A5 /* XCRemoteSwiftPackageReference "swift-collections" */,
				B4984E3F28EF015300A7EC6D /* XCRemoteSwiftPackageReference "Alamofire" */,
				B48108F928F5ABAC0088B1C5 /* XCRemoteSwiftPackageReference "PromiseKit" */,
			);
			productRefGroup = B4BF76FF28DE2E3C0082C77E /* Products */;
			projectDirPath = "";
			projectRoot = "";
			targets = (
				B4BF76FD28DE2E3C0082C77E /* Weather */,
			);
		};
/* End PBXProject section */

/* Begin PBXResourcesBuildPhase section */
		B4BF76FC28DE2E3C0082C77E /* Resources */ = {
			isa = PBXResourcesBuildPhase;
			buildActionMask = 2147483647;
			files = (
				B4BF770E28DE2E3F0082C77E /* LaunchScreen.storyboard in Resources */,
				B4BF770B28DE2E3F0082C77E /* Assets.xcassets in Resources */,
				B4BF770928DE2E3C0082C77E /* Main.storyboard in Resources */,
			);
			runOnlyForDeploymentPostprocessing = 0;
		};
/* End PBXResourcesBuildPhase section */

/* Begin PBXSourcesBuildPhase section */
		B4BF76FA28DE2E3C0082C77E /* Sources */ = {
			isa = PBXSourcesBuildPhase;
			buildActionMask = 2147483647;
			files = (
				B487A2AB28F34016004D7AEE /* WeatherViewControllerDelegate.swift in Sources */,
				B4984E3328EEF7EC00A7EC6D /* AlamofireService.swift in Sources */,
				B4BA9D4928DF3FC1007D69A5 /* OpenWeatherURLService.swift in Sources */,
				B4BF770628DE2E3C0082C77E /* WeatherViewController.swift in Sources */,
				B411177928DF5AFD00EA6606 /* BackgroundSetUp.swift in Sources */,
				B4BF770228DE2E3C0082C77E /* AppDelegate.swift in Sources */,
				B411177428DF595300EA6606 /* PrivateConstants.swift in Sources */,
				B4984E2E28EEE72800A7EC6D /* WeatherViewControllerLogic.swift in Sources */,
				B411177C28DF9C1A00EA6606 /* AlertsForSearch.swift in Sources */,
				B4BF770428DE2E3C0082C77E /* SceneDelegate.swift in Sources */,
				B4BA9D4728DF3F2C007D69A5 /* CurrentWeatherDate.swift in Sources */,
			);
			runOnlyForDeploymentPostprocessing = 0;
		};
/* End PBXSourcesBuildPhase section */

/* Begin PBXVariantGroup section */
		B4BF770728DE2E3C0082C77E /* Main.storyboard */ = {
			isa = PBXVariantGroup;
			children = (
				B4BF770828DE2E3C0082C77E /* Base */,
			);
			name = Main.storyboard;
			sourceTree = "<group>";
		};
		B4BF770C28DE2E3F0082C77E /* LaunchScreen.storyboard */ = {
			isa = PBXVariantGroup;
			children = (
				B4BF770D28DE2E3F0082C77E /* Base */,
			);
			name = LaunchScreen.storyboard;
			sourceTree = "<group>";
		};
/* End PBXVariantGroup section */

/* Begin XCBuildConfiguration section */
		B4BF771028DE2E3F0082C77E /* Debug */ = {
			isa = XCBuildConfiguration;
			buildSettings = {
				ALWAYS_SEARCH_USER_PATHS = NO;
				CLANG_ANALYZER_NONNULL = YES;
				CLANG_ANALYZER_NUMBER_OBJECT_CONVERSION = YES_AGGRESSIVE;
				CLANG_CXX_LANGUAGE_STANDARD = "gnu++17";
				CLANG_ENABLE_MODULES = YES;
				CLANG_ENABLE_OBJC_ARC = YES;
				CLANG_ENABLE_OBJC_WEAK = YES;
				CLANG_WARN_BLOCK_CAPTURE_AUTORELEASING = YES;
				CLANG_WARN_BOOL_CONVERSION = YES;
				CLANG_WARN_COMMA = YES;
				CLANG_WARN_CONSTANT_CONVERSION = YES;
				CLANG_WARN_DEPRECATED_OBJC_IMPLEMENTATIONS = YES;
				CLANG_WARN_DIRECT_OBJC_ISA_USAGE = YES_ERROR;
				CLANG_WARN_DOCUMENTATION_COMMENTS = YES;
				CLANG_WARN_EMPTY_BODY = YES;
				CLANG_WARN_ENUM_CONVERSION = YES;
				CLANG_WARN_INFINITE_RECURSION = YES;
				CLANG_WARN_INT_CONVERSION = YES;
				CLANG_WARN_NON_LITERAL_NULL_CONVERSION = YES;
				CLANG_WARN_OBJC_IMPLICIT_RETAIN_SELF = YES;
				CLANG_WARN_OBJC_LITERAL_CONVERSION = YES;
				CLANG_WARN_OBJC_ROOT_CLASS = YES_ERROR;
				CLANG_WARN_QUOTED_INCLUDE_IN_FRAMEWORK_HEADER = YES;
				CLANG_WARN_RANGE_LOOP_ANALYSIS = YES;
				CLANG_WARN_STRICT_PROTOTYPES = YES;
				CLANG_WARN_SUSPICIOUS_MOVE = YES;
				CLANG_WARN_UNGUARDED_AVAILABILITY = YES_AGGRESSIVE;
				CLANG_WARN_UNREACHABLE_CODE = YES;
				CLANG_WARN__DUPLICATE_METHOD_MATCH = YES;
				COPY_PHASE_STRIP = NO;
				DEBUG_INFORMATION_FORMAT = dwarf;
				ENABLE_STRICT_OBJC_MSGSEND = YES;
				ENABLE_TESTABILITY = YES;
				GCC_C_LANGUAGE_STANDARD = gnu11;
				GCC_DYNAMIC_NO_PIC = NO;
				GCC_NO_COMMON_BLOCKS = YES;
				GCC_OPTIMIZATION_LEVEL = 0;
				GCC_PREPROCESSOR_DEFINITIONS = (
					"DEBUG=1",
					"$(inherited)",
				);
				GCC_WARN_64_TO_32_BIT_CONVERSION = YES;
				GCC_WARN_ABOUT_RETURN_TYPE = YES_ERROR;
				GCC_WARN_UNDECLARED_SELECTOR = YES;
				GCC_WARN_UNINITIALIZED_AUTOS = YES_AGGRESSIVE;
				GCC_WARN_UNUSED_FUNCTION = YES;
				GCC_WARN_UNUSED_VARIABLE = YES;
				IPHONEOS_DEPLOYMENT_TARGET = 15.5;
				MTL_ENABLE_DEBUG_INFO = INCLUDE_SOURCE;
				MTL_FAST_MATH = YES;
				ONLY_ACTIVE_ARCH = YES;
				SDKROOT = iphoneos;
				SWIFT_ACTIVE_COMPILATION_CONDITIONS = DEBUG;
				SWIFT_OPTIMIZATION_LEVEL = "-Onone";
			};
			name = Debug;
		};
		B4BF771128DE2E3F0082C77E /* Release */ = {
			isa = XCBuildConfiguration;
			buildSettings = {
				ALWAYS_SEARCH_USER_PATHS = NO;
				CLANG_ANALYZER_NONNULL = YES;
				CLANG_ANALYZER_NUMBER_OBJECT_CONVERSION = YES_AGGRESSIVE;
				CLANG_CXX_LANGUAGE_STANDARD = "gnu++17";
				CLANG_ENABLE_MODULES = YES;
				CLANG_ENABLE_OBJC_ARC = YES;
				CLANG_ENABLE_OBJC_WEAK = YES;
				CLANG_WARN_BLOCK_CAPTURE_AUTORELEASING = YES;
				CLANG_WARN_BOOL_CONVERSION = YES;
				CLANG_WARN_COMMA = YES;
				CLANG_WARN_CONSTANT_CONVERSION = YES;
				CLANG_WARN_DEPRECATED_OBJC_IMPLEMENTATIONS = YES;
				CLANG_WARN_DIRECT_OBJC_ISA_USAGE = YES_ERROR;
				CLANG_WARN_DOCUMENTATION_COMMENTS = YES;
				CLANG_WARN_EMPTY_BODY = YES;
				CLANG_WARN_ENUM_CONVERSION = YES;
				CLANG_WARN_INFINITE_RECURSION = YES;
				CLANG_WARN_INT_CONVERSION = YES;
				CLANG_WARN_NON_LITERAL_NULL_CONVERSION = YES;
				CLANG_WARN_OBJC_IMPLICIT_RETAIN_SELF = YES;
				CLANG_WARN_OBJC_LITERAL_CONVERSION = YES;
				CLANG_WARN_OBJC_ROOT_CLASS = YES_ERROR;
				CLANG_WARN_QUOTED_INCLUDE_IN_FRAMEWORK_HEADER = YES;
				CLANG_WARN_RANGE_LOOP_ANALYSIS = YES;
				CLANG_WARN_STRICT_PROTOTYPES = YES;
				CLANG_WARN_SUSPICIOUS_MOVE = YES;
				CLANG_WARN_UNGUARDED_AVAILABILITY = YES_AGGRESSIVE;
				CLANG_WARN_UNREACHABLE_CODE = YES;
				CLANG_WARN__DUPLICATE_METHOD_MATCH = YES;
				COPY_PHASE_STRIP = NO;
				DEBUG_INFORMATION_FORMAT = "dwarf-with-dsym";
				ENABLE_NS_ASSERTIONS = NO;
				ENABLE_STRICT_OBJC_MSGSEND = YES;
				GCC_C_LANGUAGE_STANDARD = gnu11;
				GCC_NO_COMMON_BLOCKS = YES;
				GCC_WARN_64_TO_32_BIT_CONVERSION = YES;
				GCC_WARN_ABOUT_RETURN_TYPE = YES_ERROR;
				GCC_WARN_UNDECLARED_SELECTOR = YES;
				GCC_WARN_UNINITIALIZED_AUTOS = YES_AGGRESSIVE;
				GCC_WARN_UNUSED_FUNCTION = YES;
				GCC_WARN_UNUSED_VARIABLE = YES;
				IPHONEOS_DEPLOYMENT_TARGET = 15.5;
				MTL_ENABLE_DEBUG_INFO = NO;
				MTL_FAST_MATH = YES;
				SDKROOT = iphoneos;
				SWIFT_COMPILATION_MODE = wholemodule;
				SWIFT_OPTIMIZATION_LEVEL = "-O";
				VALIDATE_PRODUCT = YES;
			};
			name = Release;
		};
		B4BF771328DE2E3F0082C77E /* Debug */ = {
			isa = XCBuildConfiguration;
			buildSettings = {
				ASSETCATALOG_COMPILER_APPICON_NAME = AppIcon;
				ASSETCATALOG_COMPILER_GLOBAL_ACCENT_COLOR_NAME = AccentColor;
				CODE_SIGN_STYLE = Automatic;
				CURRENT_PROJECT_VERSION = 1;
				DEVELOPMENT_TEAM = 8YWRL64VCF;
				FRAMEWORK_SEARCH_PATHS = (
					"$(inherited)",
					"$(PROJECT_DIR)/Weather/Carthage/Build/iOS",
				);
				GENERATE_INFOPLIST_FILE = YES;
				INFOPLIST_FILE = Weather/Info.plist;
				INFOPLIST_KEY_UIApplicationSupportsIndirectInputEvents = YES;
				INFOPLIST_KEY_UILaunchStoryboardName = LaunchScreen;
				INFOPLIST_KEY_UIMainStoryboardFile = Main;
				INFOPLIST_KEY_UISupportedInterfaceOrientations_iPad = "UIInterfaceOrientationPortrait UIInterfaceOrientationPortraitUpsideDown UIInterfaceOrientationLandscapeLeft UIInterfaceOrientationLandscapeRight";
				INFOPLIST_KEY_UISupportedInterfaceOrientations_iPhone = "UIInterfaceOrientationPortrait UIInterfaceOrientationLandscapeLeft UIInterfaceOrientationLandscapeRight";
				LD_RUNPATH_SEARCH_PATHS = (
					"$(inherited)",
					"@executable_path/Frameworks",
				);
				MARKETING_VERSION = 1.0;
				PRODUCT_BUNDLE_IDENTIFIER = EfeAdzhar.Weather;
				PRODUCT_NAME = "$(TARGET_NAME)";
				SWIFT_EMIT_LOC_STRINGS = YES;
				SWIFT_VERSION = 5.0;
				TARGETED_DEVICE_FAMILY = "1,2";
				VALIDATE_WORKSPACE = YES;
			};
			name = Debug;
		};
		B4BF771428DE2E3F0082C77E /* Release */ = {
			isa = XCBuildConfiguration;
			buildSettings = {
				ASSETCATALOG_COMPILER_APPICON_NAME = AppIcon;
				ASSETCATALOG_COMPILER_GLOBAL_ACCENT_COLOR_NAME = AccentColor;
				CODE_SIGN_STYLE = Automatic;
				CURRENT_PROJECT_VERSION = 1;
				DEVELOPMENT_TEAM = 8YWRL64VCF;
				FRAMEWORK_SEARCH_PATHS = (
					"$(inherited)",
					"$(PROJECT_DIR)/Weather/Carthage/Build/iOS",
				);
				GENERATE_INFOPLIST_FILE = YES;
				INFOPLIST_FILE = Weather/Info.plist;
				INFOPLIST_KEY_UIApplicationSupportsIndirectInputEvents = YES;
				INFOPLIST_KEY_UILaunchStoryboardName = LaunchScreen;
				INFOPLIST_KEY_UIMainStoryboardFile = Main;
				INFOPLIST_KEY_UISupportedInterfaceOrientations_iPad = "UIInterfaceOrientationPortrait UIInterfaceOrientationPortraitUpsideDown UIInterfaceOrientationLandscapeLeft UIInterfaceOrientationLandscapeRight";
				INFOPLIST_KEY_UISupportedInterfaceOrientations_iPhone = "UIInterfaceOrientationPortrait UIInterfaceOrientationLandscapeLeft UIInterfaceOrientationLandscapeRight";
				LD_RUNPATH_SEARCH_PATHS = (
					"$(inherited)",
					"@executable_path/Frameworks",
				);
				MARKETING_VERSION = 1.0;
				PRODUCT_BUNDLE_IDENTIFIER = EfeAdzhar.Weather;
				PRODUCT_NAME = "$(TARGET_NAME)";
				SWIFT_EMIT_LOC_STRINGS = YES;
				SWIFT_VERSION = 5.0;
				TARGETED_DEVICE_FAMILY = "1,2";
				VALIDATE_WORKSPACE = YES;
			};
			name = Release;
		};
/* End XCBuildConfiguration section */

/* Begin XCConfigurationList section */
		B4BF76F928DE2E3C0082C77E /* Build configuration list for PBXProject "Weather" */ = {
			isa = XCConfigurationList;
			buildConfigurations = (
				B4BF771028DE2E3F0082C77E /* Debug */,
				B4BF771128DE2E3F0082C77E /* Release */,
			);
			defaultConfigurationIsVisible = 0;
			defaultConfigurationName = Release;
		};
		B4BF771228DE2E3F0082C77E /* Build configuration list for PBXNativeTarget "Weather" */ = {
			isa = XCConfigurationList;
			buildConfigurations = (
				B4BF771328DE2E3F0082C77E /* Debug */,
				B4BF771428DE2E3F0082C77E /* Release */,
			);
			defaultConfigurationIsVisible = 0;
			defaultConfigurationName = Release;
		};
/* End XCConfigurationList section */

/* Begin XCRemoteSwiftPackageReference section */
		B48108F928F5ABAC0088B1C5 /* XCRemoteSwiftPackageReference "PromiseKit" */ = {
			isa = XCRemoteSwiftPackageReference;
			repositoryURL = "https://github.com/mxcl/PromiseKit";
			requirement = {
				kind = upToNextMajorVersion;
				minimumVersion = 6.0.0;
			};
		};
		B4984E3F28EF015300A7EC6D /* XCRemoteSwiftPackageReference "Alamofire" */ = {
			isa = XCRemoteSwiftPackageReference;
			repositoryURL = "https://github.com/Alamofire/Alamofire.git";
			requirement = {
				kind = upToNextMajorVersion;
				minimumVersion = 5.0.0;
			};
		};
		B4BA9D4A28DF4831007D69A5 /* XCRemoteSwiftPackageReference "swift-collections" */ = {
			isa = XCRemoteSwiftPackageReference;
			repositoryURL = "https://github.com/apple/swift-collections.git";
			requirement = {
				kind = upToNextMajorVersion;
				minimumVersion = 1.0.0;
			};
		};
/* End XCRemoteSwiftPackageReference section */

/* Begin XCSwiftPackageProductDependency section */
		B48108FA28F5ABAC0088B1C5 /* PromiseKit */ = {
			isa = XCSwiftPackageProductDependency;
			package = B48108F928F5ABAC0088B1C5 /* XCRemoteSwiftPackageReference "PromiseKit" */;
			productName = PromiseKit;
		};
		B4984E4028EF015300A7EC6D /* Alamofire */ = {
			isa = XCSwiftPackageProductDependency;
			package = B4984E3F28EF015300A7EC6D /* XCRemoteSwiftPackageReference "Alamofire" */;
			productName = Alamofire;
		};
		B4BA9D4B28DF4831007D69A5 /* Collections */ = {
			isa = XCSwiftPackageProductDependency;
			package = B4BA9D4A28DF4831007D69A5 /* XCRemoteSwiftPackageReference "swift-collections" */;
			productName = Collections;
		};
		B4BA9D4D28DF4831007D69A5 /* DequeModule */ = {
			isa = XCSwiftPackageProductDependency;
			package = B4BA9D4A28DF4831007D69A5 /* XCRemoteSwiftPackageReference "swift-collections" */;
			productName = DequeModule;
		};
		B4BA9D4F28DF4831007D69A5 /* OrderedCollections */ = {
			isa = XCSwiftPackageProductDependency;
			package = B4BA9D4A28DF4831007D69A5 /* XCRemoteSwiftPackageReference "swift-collections" */;
			productName = OrderedCollections;
		};
/* End XCSwiftPackageProductDependency section */
	};
	rootObject = B4BF76F628DE2E3C0082C77E /* Project object */;
}
